
Microsoft Visual Studio Solution File, Format Version 12.00
# Visual Studio Version 17
VisualStudioVersion = 17.3.32922.545
MinimumVisualStudioVersion = 10.0.40219.1
Project("{9A19103F-16F7-4668-BE54-9A1E7A4F7556}") = "BulkyBookWeb", "BulkyBookWeb\BulkyBookWeb.csproj", "{5C07DEAF-7C59-410A-9C44-F77661AE6B71}"
EndProject
Project("{FAE04EC0-301F-11D3-BF4B-00C04F79EFBC}") = "BulkyBook.DataAccess", "BulkyBook.DataAccess\BulkyBook.DataAccess.csproj", "{639635D5-A6F7-47A7-A869-C3E5A706420F}"
EndProject
Project("{FAE04EC0-301F-11D3-BF4B-00C04F79EFBC}") = "BulkyBook.Models", "BulkyBook.Models\BulkyBook.Models.csproj", "{5F816DD3-A506-4B7F-9049-B63593493D33}"
EndProject
Project("{FAE04EC0-301F-11D3-BF4B-00C04F79EFBC}") = "BulkyBook.Utility", "BulkyBook.Utility\BulkyBook.Utility.csproj", "{44132C20-DADB-4055-A047-1A1575AF4B39}"
EndProject
Global
	GlobalSection(SolutionConfigurationPlatforms) = preSolution
		Debug|Any CPU = Debug|Any CPU
		Release|Any CPU = Release|Any CPU
	EndGlobalSection
	GlobalSection(ProjectConfigurationPlatforms) = postSolution
		{5C07DEAF-7C59-410A-9C44-F77661AE6B71}.Debug|Any CPU.ActiveCfg = Debug|Any CPU
		{5C07DEAF-7C59-410A-9C44-F77661AE6B71}.Debug|Any CPU.Build.0 = Debug|Any CPU
		{5C07DEAF-7C59-410A-9C44-F77661AE6B71}.Release|Any CPU.ActiveCfg = Release|Any CPU
		{5C07DEAF-7C59-410A-9C44-F77661AE6B71}.Release|Any CPU.Build.0 = Release|Any CPU
		{639635D5-A6F7-47A7-A869-C3E5A706420F}.Debug|Any CPU.ActiveCfg = Debug|Any CPU
		{639635D5-A6F7-47A7-A869-C3E5A706420F}.Debug|Any CPU.Build.0 = Debug|Any CPU
		{639635D5-A6F7-47A7-A869-C3E5A706420F}.Release|Any CPU.ActiveCfg = Release|Any CPU
		{639635D5-A6F7-47A7-A869-C3E5A706420F}.Release|Any CPU.Build.0 = Release|Any CPU
		{5F816DD3-A506-4B7F-9049-B63593493D33}.Debug|Any CPU.ActiveCfg = Debug|Any CPU
		{5F816DD3-A506-4B7F-9049-B63593493D33}.Debug|Any CPU.Build.0 = Debug|Any CPU
		{5F816DD3-A506-4B7F-9049-B63593493D33}.Release|Any CPU.ActiveCfg = Release|Any CPU
		{5F816DD3-A506-4B7F-9049-B63593493D33}.Release|Any CPU.Build.0 = Release|Any CPU
		{44132C20-DADB-4055-A047-1A1575AF4B39}.Debug|Any CPU.ActiveCfg = Debug|Any CPU
		{44132C20-DADB-4055-A047-1A1575AF4B39}.Debug|Any CPU.Build.0 = Debug|Any CPU
		{44132C20-DADB-4055-A047-1A1575AF4B39}.Release|Any CPU.ActiveCfg = Release|Any CPU
		{44132C20-DADB-4055-A047-1A1575AF4B39}.Release|Any CPU.Build.0 = Release|Any CPU
	EndGlobalSection
	GlobalSection(SolutionProperties) = preSolution
		HideSolutionNode = FALSE
	EndGlobalSection
	GlobalSection(ExtensibilityGlobals) = postSolution
		SolutionGuid = {2C6A6213-7958-4BCE-AB40-18CE57F59C0B}
	EndGlobalSection
EndGlobal
